
Microsoft Visual Studio Solution File, Format Version 12.00
Project("{FAE04EC0-301F-11D3-BF4B-00C04F79EFBC}") = "FirstMVCApp", "FirstMVCApp.csproj", "{F94C0856-6E50-496C-BF1B-DC3DF4725515}"
EndProject
Global
	GlobalSection(SolutionConfigurationPlatforms) = preSolution
		Debug|Any CPU = Debug|Any CPU
		Release|Any CPU = Release|Any CPU
	EndGlobalSection
	GlobalSection(ProjectConfigurationPlatforms) = postSolution
		{F94C0856-6E50-496C-BF1B-DC3DF4725515}.Debug|Any CPU.ActiveCfg = Debug|Any CPU
		{F94C0856-6E50-496C-BF1B-DC3DF4725515}.Debug|Any CPU.Build.0 = Debug|Any CPU
		{F94C0856-6E50-496C-BF1B-DC3DF4725515}.Release|Any CPU.ActiveCfg = Release|Any CPU
		{F94C0856-6E50-496C-BF1B-DC3DF4725515}.Release|Any CPU.Build.0 = Release|Any CPU
	EndGlobalSection
EndGlobal
